# This file was autogenerated by Stack.
# You should not edit this file by hand.
# For more information, please see the documentation at:
#   https://docs.haskellstack.org/en/stable/lock_files

packages:
- completed:
    hackage: typelits-witnesses-0.3.0.3@sha256:2d9df4ac6ff3077bfd2bf659e4b495e157723ac5b45c519762853f55df5c16db,2738
    pantry-tree:
      size: 469
      sha256: 6a42a462f98e94933b6e9721acd912c6c6b6a4743635efd15cc5871908c816a0
  original:
    hackage: typelits-witnesses-0.3.0.3
snapshots:
- completed:
    size: 491372
    url: https://raw.githubusercontent.com/commercialhaskell/stackage-snapshots/master/lts/15/5.yaml
    sha256: 1b549cfff328040c382a70a84a2087aac8dab6d778bf92f32a93a771a1980dfc
  original: lts-15.5
